{
  "name": "react-native-emoji-selector",
  "version": "0.1.8",
  "lockfileVersion": 1,
  "requires": true,
  "dependencies": {
    "emoji-datasource": {
      "version": "5.0.1",
      "resolved": "https://registry.npmjs.org/emoji-datasource/-/emoji-datasource-5.0.1.tgz",
      "integrity": "sha512-RXokuCv4o8RFLiigN1skAdZwJuJWqtBvcK3GVKpvAL/7BeH95enmKsli7cG8YZ85RTjyEe3+GAdpJJOV43KLKQ=="
    },
    "string.fromcodepoint": {
      "version": "0.2.1",
      "resolved": "https://registry.npmjs.org/string.fromcodepoint/-/string.fromcodepoint-0.2.1.tgz",
      "integrity": "sha1-jZeDM8C8klOPUPOD5IiPPlYZ1lM="
    }
  }
}
